
Microsoft Visual Studio Solution File, Format Version 12.00
# Visual Studio Version 16
VisualStudioVersion = 16.0.29009.5
MinimumVisualStudioVersion = 10.0.40219.1
Project("{9A19103F-16F7-4668-BE54-9A1E7A4F7556}") = "lab_01", "lab_01\lab_01.csproj", "{A2F774B0-EDCE-43FC-98ED-B9032847570E}"
EndProject
Project("{FAE04EC0-301F-11D3-BF4B-00C04F79EFBC}") = "labs_02", "labs_02\labs_02.csproj", "{1F62A38E-A69B-45A4-B6C7-A8FC561F921E}"
EndProject
Project("{FAE04EC0-301F-11D3-BF4B-00C04F79EFBC}") = "labs_03_old_forms_app", "Form1\labs_03_old_forms_app.csproj", "{680C2A47-AF2B-4949-AC01-A89E3A2BF3C8}"
EndProject
Project("{FAE04EC0-301F-11D3-BF4B-00C04F79EFBC}") = "lab_04_WPF_starter", "lab_04_WPF_starter\lab_04_WPF_starter.csproj", "{056183BD-098C-4CC2-9A53-23F6F89D8F5A}"
EndProject
Global
	GlobalSection(SolutionConfigurationPlatforms) = preSolution
		Debug|Any CPU = Debug|Any CPU
		Release|Any CPU = Release|Any CPU
	EndGlobalSection
	GlobalSection(ProjectConfigurationPlatforms) = postSolution
		{A2F774B0-EDCE-43FC-98ED-B9032847570E}.Debug|Any CPU.ActiveCfg = Debug|Any CPU
		{A2F774B0-EDCE-43FC-98ED-B9032847570E}.Debug|Any CPU.Build.0 = Debug|Any CPU
		{A2F774B0-EDCE-43FC-98ED-B9032847570E}.Release|Any CPU.ActiveCfg = Release|Any CPU
		{A2F774B0-EDCE-43FC-98ED-B9032847570E}.Release|Any CPU.Build.0 = Release|Any CPU
		{1F62A38E-A69B-45A4-B6C7-A8FC561F921E}.Debug|Any CPU.ActiveCfg = Debug|Any CPU
		{1F62A38E-A69B-45A4-B6C7-A8FC561F921E}.Debug|Any CPU.Build.0 = Debug|Any CPU
		{1F62A38E-A69B-45A4-B6C7-A8FC561F921E}.Release|Any CPU.ActiveCfg = Release|Any CPU
		{1F62A38E-A69B-45A4-B6C7-A8FC561F921E}.Release|Any CPU.Build.0 = Release|Any CPU
		{680C2A47-AF2B-4949-AC01-A89E3A2BF3C8}.Debug|Any CPU.ActiveCfg = Debug|Any CPU
		{680C2A47-AF2B-4949-AC01-A89E3A2BF3C8}.Debug|Any CPU.Build.0 = Debug|Any CPU
		{680C2A47-AF2B-4949-AC01-A89E3A2BF3C8}.Release|Any CPU.ActiveCfg = Release|Any CPU
		{680C2A47-AF2B-4949-AC01-A89E3A2BF3C8}.Release|Any CPU.Build.0 = Release|Any CPU
		{056183BD-098C-4CC2-9A53-23F6F89D8F5A}.Debug|Any CPU.ActiveCfg = Debug|Any CPU
		{056183BD-098C-4CC2-9A53-23F6F89D8F5A}.Debug|Any CPU.Build.0 = Debug|Any CPU
		{056183BD-098C-4CC2-9A53-23F6F89D8F5A}.Release|Any CPU.ActiveCfg = Release|Any CPU
		{056183BD-098C-4CC2-9A53-23F6F89D8F5A}.Release|Any CPU.Build.0 = Release|Any CPU
	EndGlobalSection
	GlobalSection(SolutionProperties) = preSolution
		HideSolutionNode = FALSE
	EndGlobalSection
	GlobalSection(ExtensibilityGlobals) = postSolution
		SolutionGuid = {B9ECE71B-936E-46C7-94BF-CFC8C39E9E3B}
	EndGlobalSection
EndGlobal
